
Microsoft Visual Studio Solution File, Format Version 12.00
# Visual Studio Version 17
VisualStudioVersion = 17.4.33403.182
MinimumVisualStudioVersion = 10.0.40219.1
Project("{9A19103F-16F7-4668-BE54-9A1E7A4F7556}") = "Libary", "Libary\Libary.csproj", "{87957C6F-9CC1-4F16-88AB-A12BD2CC7461}"
EndProject
Project("{FAE04EC0-301F-11D3-BF4B-00C04F79EFBC}") = "Delete User MVVM", "Delete User MVVM\Delete User MVVM.csproj", "{AA6B89D8-CEF3-486F-A4A8-6610416225BF}"
EndProject
Global
	GlobalSection(SolutionConfigurationPlatforms) = preSolution
		Debug|Any CPU = Debug|Any CPU
		Release|Any CPU = Release|Any CPU
	EndGlobalSection
	GlobalSection(ProjectConfigurationPlatforms) = postSolution
		{87957C6F-9CC1-4F16-88AB-A12BD2CC7461}.Debug|Any CPU.ActiveCfg = Debug|Any CPU
		{87957C6F-9CC1-4F16-88AB-A12BD2CC7461}.Debug|Any CPU.Build.0 = Debug|Any CPU
		{87957C6F-9CC1-4F16-88AB-A12BD2CC7461}.Release|Any CPU.ActiveCfg = Release|Any CPU
		{87957C6F-9CC1-4F16-88AB-A12BD2CC7461}.Release|Any CPU.Build.0 = Release|Any CPU
		{AA6B89D8-CEF3-486F-A4A8-6610416225BF}.Debug|Any CPU.ActiveCfg = Debug|Any CPU
		{AA6B89D8-CEF3-486F-A4A8-6610416225BF}.Debug|Any CPU.Build.0 = Debug|Any CPU
		{AA6B89D8-CEF3-486F-A4A8-6610416225BF}.Release|Any CPU.ActiveCfg = Release|Any CPU
		{AA6B89D8-CEF3-486F-A4A8-6610416225BF}.Release|Any CPU.Build.0 = Release|Any CPU
	EndGlobalSection
	GlobalSection(SolutionProperties) = preSolution
		HideSolutionNode = FALSE
	EndGlobalSection
	GlobalSection(ExtensibilityGlobals) = postSolution
		SolutionGuid = {21A7DA99-CC78-40C9-AE10-16AFAECA1985}
	EndGlobalSection
EndGlobal
